
Microsoft Visual Studio Solution File, Format Version 12.00
# Visual Studio Version 17
VisualStudioVersion = 17.4.33205.214
MinimumVisualStudioVersion = 10.0.40219.1
Project("{9A19103F-16F7-4668-BE54-9A1E7A4F7556}") = "AccountMS", "AccountMS\AccountMS.csproj", "{428245CD-D6FC-4EA6-9BDA-A019A07677C3}"
EndProject
Project("{9A19103F-16F7-4668-BE54-9A1E7A4F7556}") = "CustomerMS", "CustomerMS\CustomerMS.csproj", "{BE45D298-01EE-4F6B-91D4-DDD08B6F0971}"
EndProject
Global
	GlobalSection(SolutionConfigurationPlatforms) = preSolution
		Debug|Any CPU = Debug|Any CPU
		Release|Any CPU = Release|Any CPU
	EndGlobalSection
	GlobalSection(ProjectConfigurationPlatforms) = postSolution
		{428245CD-D6FC-4EA6-9BDA-A019A07677C3}.Debug|Any CPU.ActiveCfg = Debug|Any CPU
		{428245CD-D6FC-4EA6-9BDA-A019A07677C3}.Debug|Any CPU.Build.0 = Debug|Any CPU
		{428245CD-D6FC-4EA6-9BDA-A019A07677C3}.Release|Any CPU.ActiveCfg = Release|Any CPU
		{428245CD-D6FC-4EA6-9BDA-A019A07677C3}.Release|Any CPU.Build.0 = Release|Any CPU
		{BE45D298-01EE-4F6B-91D4-DDD08B6F0971}.Debug|Any CPU.ActiveCfg = Debug|Any CPU
		{BE45D298-01EE-4F6B-91D4-DDD08B6F0971}.Debug|Any CPU.Build.0 = Debug|Any CPU
		{BE45D298-01EE-4F6B-91D4-DDD08B6F0971}.Release|Any CPU.ActiveCfg = Release|Any CPU
		{BE45D298-01EE-4F6B-91D4-DDD08B6F0971}.Release|Any CPU.Build.0 = Release|Any CPU
	EndGlobalSection
	GlobalSection(SolutionProperties) = preSolution
		HideSolutionNode = FALSE
	EndGlobalSection
	GlobalSection(ExtensibilityGlobals) = postSolution
		SolutionGuid = {7EB58CBA-0117-431D-B86D-A9007CCA0691}
	EndGlobalSection
EndGlobal
